
Microsoft Visual Studio Solution File, Format Version 12.00
# Visual Studio 15
VisualStudioVersion = 15.0.28307.421
MinimumVisualStudioVersion = 10.0.40219.1
Project("{2150E333-8FDC-42A3-9474-1A3956D46DE8}") = "1_DistributedServices", "1_DistributedServices", "{7C135B9A-4C00-4B09-B161-0A232C3666C6}"
EndProject
Project("{2150E333-8FDC-42A3-9474-1A3956D46DE8}") = "2_Application", "2_Application", "{5710082E-EDCC-4AD2-94C5-11C33EAA13EF}"
EndProject
Project("{2150E333-8FDC-42A3-9474-1A3956D46DE8}") = "3_Domain", "3_Domain", "{86639591-6121-4CCF-9A14-BF256323990F}"
EndProject
Project("{2150E333-8FDC-42A3-9474-1A3956D46DE8}") = "4_Infrastructure", "4_Infrastructure", "{56750A7E-8E1B-45F7-8579-14245BB9F287}"
EndProject
Project("{2150E333-8FDC-42A3-9474-1A3956D46DE8}") = "5_Common", "5_Common", "{9D047AF4-EAAC-4CB8-A861-90DD5DA38749}"
EndProject
Project("{9A19103F-16F7-4668-BE54-9A1E7A4F7556}") = "VuelingExam.Common.Logic", "VuelingExam.Common.Logic\VuelingExam.Common.Logic.csproj", "{4822330F-4CFF-4930-A425-37D0CF51DBD1}"
EndProject
Project("{9A19103F-16F7-4668-BE54-9A1E7A4F7556}") = "VuelingExam.Common.Mapper", "VuelingExam.Common.Mapper\VuelingExam.Common.Mapper.csproj", "{C8D6476A-80FE-4D9B-96B7-8E1FEFD27473}"
EndProject
Project("{9A19103F-16F7-4668-BE54-9A1E7A4F7556}") = "VuelingExam.Infrastructure.Contracts.Repository", "VuelingExam.Infrastructure.Contracts.Repository\VuelingExam.Infrastructure.Contracts.Repository.csproj", "{07DDAE5B-2890-4EBC-BAA3-8B2646C9C8F6}"
EndProject
Project("{9A19103F-16F7-4668-BE54-9A1E7A4F7556}") = "VuelingExam.Infrastructure.DataModel", "VuelingExam.Infrastructure.DataModel\VuelingExam.Infrastructure.DataModel.csproj", "{BEFEEC77-9062-4323-90D4-4970F95E1439}"
EndProject
Project("{9A19103F-16F7-4668-BE54-9A1E7A4F7556}") = "VuelingExam.Domain.BusinessEntities", "VuelingExam.Domain.BusinessEntities\VuelingExam.Domain.BusinessEntities.csproj", "{2841AE06-DEAA-4710-A98F-12D260C37A89}"
EndProject
Project("{9A19103F-16F7-4668-BE54-9A1E7A4F7556}") = "VuelingExam.Domain.Contract.Services", "VuelingExam.Domain.Contract.Services\VuelingExam.Domain.Contract.Services.csproj", "{2AEDDE4D-1431-4704-8F26-6676F05293CE}"
EndProject
Project("{9A19103F-16F7-4668-BE54-9A1E7A4F7556}") = "VuelingExam.Domain.Impl.Services", "VuelingExam.Domain.Impl.Services\VuelingExam.Domain.Impl.Services.csproj", "{68E27FA3-BB67-40BD-A3A9-82A757CB0DA8}"
EndProject
Project("{9A19103F-16F7-4668-BE54-9A1E7A4F7556}") = "VuelingExam.Application.DTO", "VuelingExam.Application.DTO\VuelingExam.Application.DTO.csproj", "{57B93326-9C76-45E4-80E6-CDCF4EF202AE}"
EndProject
Project("{9A19103F-16F7-4668-BE54-9A1E7A4F7556}") = "VuelingExam.Application.Business.Impl.ServiceLibrary", "VuelingExam.Application.Business.Impl.ServiceLibrary\VuelingExam.Application.Business.Impl.ServiceLibrary.csproj", "{370DBA77-93DA-47A7-B38C-8F55D211441D}"
EndProject
Project("{9A19103F-16F7-4668-BE54-9A1E7A4F7556}") = "VuelingExam.Application.Business.Contract.ServiceLibrary", "VuelingExam.Application.Business.Contract.ServiceLibrary\VuelingExam.Application.Business.Contract.ServiceLibrary.csproj", "{36421A77-87C6-4915-9029-67D07DC7646D}"
EndProject
Project("{9A19103F-16F7-4668-BE54-9A1E7A4F7556}") = "VuelingExam.Facade.Impl.Api", "VuelingExam.Facade.Impl.Api\VuelingExam.Facade.Impl.Api.csproj", "{5F1D0B3E-F92F-467C-87BA-267893D3BED3}"
EndProject
Project("{2150E333-8FDC-42A3-9474-1A3956D46DE8}") = "Domain.Test", "Domain.Test", "{056EA38A-FB92-4980-AE05-97B89F8E6295}"
EndProject
Project("{2150E333-8FDC-42A3-9474-1A3956D46DE8}") = "Infrastructure.Test", "Infrastructure.Test", "{0E235B98-151F-4177-A532-E8414863CAF7}"
EndProject
Project("{2150E333-8FDC-42A3-9474-1A3956D46DE8}") = "Test", "Test", "{22646DA7-19BB-43AC-BDD1-23B644892B88}"
EndProject
Project("{9A19103F-16F7-4668-BE54-9A1E7A4F7556}") = "VuelingExam.Domain.Test.IntegrationTest", "VuelingExam.Domain.Test.IntegrationTest\VuelingExam.Domain.Test.IntegrationTest.csproj", "{C0E29F3A-F4E1-4552-942A-9BAAFE05A5F8}"
EndProject
Project("{FAE04EC0-301F-11D3-BF4B-00C04F79EFBC}") = "VuelingExam.Infrastructure.Impl.Repository", "VuelingExam.Infrastructure.Impl.Repository\VuelingExam.Infrastructure.Impl.Repository.csproj", "{DEFF2742-5A58-4794-8EE0-2B83D93CF8CB}"
EndProject
Project("{FAE04EC0-301F-11D3-BF4B-00C04F79EFBC}") = "VuelingExam.Infrastructure.Test.Integration", "VuelingExam.Infrastructure.Test.Integration\VuelingExam.Infrastructure.Test.Integration.csproj", "{F47E06F3-48A3-40C9-A727-EF96E3CB5B27}"
EndProject
Global
	GlobalSection(SolutionConfigurationPlatforms) = preSolution
		Debug|Any CPU = Debug|Any CPU
		Release|Any CPU = Release|Any CPU
	EndGlobalSection
	GlobalSection(ProjectConfigurationPlatforms) = postSolution
		{4822330F-4CFF-4930-A425-37D0CF51DBD1}.Debug|Any CPU.ActiveCfg = Debug|Any CPU
		{4822330F-4CFF-4930-A425-37D0CF51DBD1}.Debug|Any CPU.Build.0 = Debug|Any CPU
		{4822330F-4CFF-4930-A425-37D0CF51DBD1}.Release|Any CPU.ActiveCfg = Release|Any CPU
		{4822330F-4CFF-4930-A425-37D0CF51DBD1}.Release|Any CPU.Build.0 = Release|Any CPU
		{C8D6476A-80FE-4D9B-96B7-8E1FEFD27473}.Debug|Any CPU.ActiveCfg = Debug|Any CPU
		{C8D6476A-80FE-4D9B-96B7-8E1FEFD27473}.Debug|Any CPU.Build.0 = Debug|Any CPU
		{C8D6476A-80FE-4D9B-96B7-8E1FEFD27473}.Release|Any CPU.ActiveCfg = Release|Any CPU
		{C8D6476A-80FE-4D9B-96B7-8E1FEFD27473}.Release|Any CPU.Build.0 = Release|Any CPU
		{07DDAE5B-2890-4EBC-BAA3-8B2646C9C8F6}.Debug|Any CPU.ActiveCfg = Debug|Any CPU
		{07DDAE5B-2890-4EBC-BAA3-8B2646C9C8F6}.Debug|Any CPU.Build.0 = Debug|Any CPU
		{07DDAE5B-2890-4EBC-BAA3-8B2646C9C8F6}.Release|Any CPU.ActiveCfg = Release|Any CPU
		{07DDAE5B-2890-4EBC-BAA3-8B2646C9C8F6}.Release|Any CPU.Build.0 = Release|Any CPU
		{BEFEEC77-9062-4323-90D4-4970F95E1439}.Debug|Any CPU.ActiveCfg = Debug|Any CPU
		{BEFEEC77-9062-4323-90D4-4970F95E1439}.Debug|Any CPU.Build.0 = Debug|Any CPU
		{BEFEEC77-9062-4323-90D4-4970F95E1439}.Release|Any CPU.ActiveCfg = Release|Any CPU
		{BEFEEC77-9062-4323-90D4-4970F95E1439}.Release|Any CPU.Build.0 = Release|Any CPU
		{2841AE06-DEAA-4710-A98F-12D260C37A89}.Debug|Any CPU.ActiveCfg = Debug|Any CPU
		{2841AE06-DEAA-4710-A98F-12D260C37A89}.Debug|Any CPU.Build.0 = Debug|Any CPU
		{2841AE06-DEAA-4710-A98F-12D260C37A89}.Release|Any CPU.ActiveCfg = Release|Any CPU
		{2841AE06-DEAA-4710-A98F-12D260C37A89}.Release|Any CPU.Build.0 = Release|Any CPU
		{2AEDDE4D-1431-4704-8F26-6676F05293CE}.Debug|Any CPU.ActiveCfg = Debug|Any CPU
		{2AEDDE4D-1431-4704-8F26-6676F05293CE}.Debug|Any CPU.Build.0 = Debug|Any CPU
		{2AEDDE4D-1431-4704-8F26-6676F05293CE}.Release|Any CPU.ActiveCfg = Release|Any CPU
		{2AEDDE4D-1431-4704-8F26-6676F05293CE}.Release|Any CPU.Build.0 = Release|Any CPU
		{68E27FA3-BB67-40BD-A3A9-82A757CB0DA8}.Debug|Any CPU.ActiveCfg = Debug|Any CPU
		{68E27FA3-BB67-40BD-A3A9-82A757CB0DA8}.Debug|Any CPU.Build.0 = Debug|Any CPU
		{68E27FA3-BB67-40BD-A3A9-82A757CB0DA8}.Release|Any CPU.ActiveCfg = Release|Any CPU
		{68E27FA3-BB67-40BD-A3A9-82A757CB0DA8}.Release|Any CPU.Build.0 = Release|Any CPU
		{57B93326-9C76-45E4-80E6-CDCF4EF202AE}.Debug|Any CPU.ActiveCfg = Debug|Any CPU
		{57B93326-9C76-45E4-80E6-CDCF4EF202AE}.Debug|Any CPU.Build.0 = Debug|Any CPU
		{57B93326-9C76-45E4-80E6-CDCF4EF202AE}.Release|Any CPU.ActiveCfg = Release|Any CPU
		{57B93326-9C76-45E4-80E6-CDCF4EF202AE}.Release|Any CPU.Build.0 = Release|Any CPU
		{370DBA77-93DA-47A7-B38C-8F55D211441D}.Debug|Any CPU.ActiveCfg = Debug|Any CPU
		{370DBA77-93DA-47A7-B38C-8F55D211441D}.Debug|Any CPU.Build.0 = Debug|Any CPU
		{370DBA77-93DA-47A7-B38C-8F55D211441D}.Release|Any CPU.ActiveCfg = Release|Any CPU
		{370DBA77-93DA-47A7-B38C-8F55D211441D}.Release|Any CPU.Build.0 = Release|Any CPU
		{36421A77-87C6-4915-9029-67D07DC7646D}.Debug|Any CPU.ActiveCfg = Debug|Any CPU
		{36421A77-87C6-4915-9029-67D07DC7646D}.Debug|Any CPU.Build.0 = Debug|Any CPU
		{36421A77-87C6-4915-9029-67D07DC7646D}.Release|Any CPU.ActiveCfg = Release|Any CPU
		{36421A77-87C6-4915-9029-67D07DC7646D}.Release|Any CPU.Build.0 = Release|Any CPU
		{5F1D0B3E-F92F-467C-87BA-267893D3BED3}.Debug|Any CPU.ActiveCfg = Debug|Any CPU
		{5F1D0B3E-F92F-467C-87BA-267893D3BED3}.Debug|Any CPU.Build.0 = Debug|Any CPU
		{5F1D0B3E-F92F-467C-87BA-267893D3BED3}.Release|Any CPU.ActiveCfg = Release|Any CPU
		{5F1D0B3E-F92F-467C-87BA-267893D3BED3}.Release|Any CPU.Build.0 = Release|Any CPU
		{C0E29F3A-F4E1-4552-942A-9BAAFE05A5F8}.Debug|Any CPU.ActiveCfg = Debug|Any CPU
		{C0E29F3A-F4E1-4552-942A-9BAAFE05A5F8}.Debug|Any CPU.Build.0 = Debug|Any CPU
		{C0E29F3A-F4E1-4552-942A-9BAAFE05A5F8}.Release|Any CPU.ActiveCfg = Release|Any CPU
		{C0E29F3A-F4E1-4552-942A-9BAAFE05A5F8}.Release|Any CPU.Build.0 = Release|Any CPU
		{DEFF2742-5A58-4794-8EE0-2B83D93CF8CB}.Debug|Any CPU.ActiveCfg = Debug|Any CPU
		{DEFF2742-5A58-4794-8EE0-2B83D93CF8CB}.Debug|Any CPU.Build.0 = Debug|Any CPU
		{DEFF2742-5A58-4794-8EE0-2B83D93CF8CB}.Release|Any CPU.ActiveCfg = Release|Any CPU
		{DEFF2742-5A58-4794-8EE0-2B83D93CF8CB}.Release|Any CPU.Build.0 = Release|Any CPU
		{F47E06F3-48A3-40C9-A727-EF96E3CB5B27}.Debug|Any CPU.ActiveCfg = Debug|Any CPU
		{F47E06F3-48A3-40C9-A727-EF96E3CB5B27}.Debug|Any CPU.Build.0 = Debug|Any CPU
		{F47E06F3-48A3-40C9-A727-EF96E3CB5B27}.Release|Any CPU.ActiveCfg = Release|Any CPU
		{F47E06F3-48A3-40C9-A727-EF96E3CB5B27}.Release|Any CPU.Build.0 = Release|Any CPU
	EndGlobalSection
	GlobalSection(SolutionProperties) = preSolution
		HideSolutionNode = FALSE
	EndGlobalSection
	GlobalSection(NestedProjects) = preSolution
		{4822330F-4CFF-4930-A425-37D0CF51DBD1} = {9D047AF4-EAAC-4CB8-A861-90DD5DA38749}
		{C8D6476A-80FE-4D9B-96B7-8E1FEFD27473} = {9D047AF4-EAAC-4CB8-A861-90DD5DA38749}
		{07DDAE5B-2890-4EBC-BAA3-8B2646C9C8F6} = {56750A7E-8E1B-45F7-8579-14245BB9F287}
		{BEFEEC77-9062-4323-90D4-4970F95E1439} = {56750A7E-8E1B-45F7-8579-14245BB9F287}
		{2841AE06-DEAA-4710-A98F-12D260C37A89} = {86639591-6121-4CCF-9A14-BF256323990F}
		{2AEDDE4D-1431-4704-8F26-6676F05293CE} = {86639591-6121-4CCF-9A14-BF256323990F}
		{68E27FA3-BB67-40BD-A3A9-82A757CB0DA8} = {86639591-6121-4CCF-9A14-BF256323990F}
		{57B93326-9C76-45E4-80E6-CDCF4EF202AE} = {5710082E-EDCC-4AD2-94C5-11C33EAA13EF}
		{370DBA77-93DA-47A7-B38C-8F55D211441D} = {5710082E-EDCC-4AD2-94C5-11C33EAA13EF}
		{36421A77-87C6-4915-9029-67D07DC7646D} = {5710082E-EDCC-4AD2-94C5-11C33EAA13EF}
		{5F1D0B3E-F92F-467C-87BA-267893D3BED3} = {7C135B9A-4C00-4B09-B161-0A232C3666C6}
		{056EA38A-FB92-4980-AE05-97B89F8E6295} = {86639591-6121-4CCF-9A14-BF256323990F}
		{0E235B98-151F-4177-A532-E8414863CAF7} = {56750A7E-8E1B-45F7-8579-14245BB9F287}
		{22646DA7-19BB-43AC-BDD1-23B644892B88} = {5710082E-EDCC-4AD2-94C5-11C33EAA13EF}
		{C0E29F3A-F4E1-4552-942A-9BAAFE05A5F8} = {056EA38A-FB92-4980-AE05-97B89F8E6295}
		{DEFF2742-5A58-4794-8EE0-2B83D93CF8CB} = {56750A7E-8E1B-45F7-8579-14245BB9F287}
		{F47E06F3-48A3-40C9-A727-EF96E3CB5B27} = {0E235B98-151F-4177-A532-E8414863CAF7}
	EndGlobalSection
	GlobalSection(ExtensibilityGlobals) = postSolution
		SolutionGuid = {2E407C2D-03B3-468A-B58F-36963F9A50F8}
	EndGlobalSection
EndGlobal
